// !$*UTF8*$!
{
	archiveVersion = 1;
	classes = {
	};
	objectVersion = 56;
	objects = {

/* Begin PBXBuildFile section */
		C5AEDA4E2DA261520031B210 /* JapaneseLearnAppApp.swift in Sources */ = {isa = PBXBuildFile; fileRef = C5AEDA4D2DA261520031B210 /* JapaneseLearnAppApp.swift */; };
		C5AEDA502DA261520031B210 /* ContentView.swift in Sources */ = {isa = PBXBuildFile; fileRef = C5AEDA4F2DA261520031B210 /* ContentView.swift */; };
		C5AEDA522DA261560031B210 /* Assets.xcassets in Resources */ = {isa = PBXBuildFile; fileRef = C5AEDA512DA261560031B210 /* Assets.xcassets */; };
		C5AEDA552DA261560031B210 /* Preview Assets.xcassets in Resources */ = {isa = PBXBuildFile; fileRef = C5AEDA542DA261560031B210 /* Preview Assets.xcassets */; };
		C5E8F0682DA49646008C7156 /* SyncConflictResolver.swift in Sources */ = {isa = PBXBuildFile; fileRef = C5E8F04D2DA49646008C7156 /* SyncConflictResolver.swift */; };
		C5E8F0692DA49646008C7156 /* RealmManager.swift in Sources */ = {isa = PBXBuildFile; fileRef = C5E8F04F2DA49646008C7156 /* RealmManager.swift */; };
		C5E8F06A2DA49646008C7156 /* FavoriteRepository.swift in Sources */ = {isa = PBXBuildFile; fileRef = C5E8F0502DA49646008C7156 /* FavoriteRepository.swift */; };
		C5E8F06B2DA49646008C7156 /* SyncRepository.swift in Sources */ = {isa = PBXBuildFile; fileRef = C5E8F0512DA49646008C7156 /* SyncRepository.swift */; };
		C5E8F06C2DA49646008C7156 /* UserAuthRepository.swift in Sources */ = {isa = PBXBuildFile; fileRef = C5E8F0522DA49646008C7156 /* UserAuthRepository.swift */; };
		C5E8F06D2DA49646008C7156 /* DictionaryRepository.swift in Sources */ = {isa = PBXBuildFile; fileRef = C5E8F0532DA49646008C7156 /* DictionaryRepository.swift */; };
		C5E8F06E2DA49646008C7156 /* UserModels.swift in Sources */ = {isa = PBXBuildFile; fileRef = C5E8F0552DA49646008C7156 /* UserModels.swift */; };
		C5E8F06F2DA49646008C7156 /* DictModels.swift in Sources */ = {isa = PBXBuildFile; fileRef = C5E8F0562DA49646008C7156 /* DictModels.swift */; };
		C5E8F0702DA49646008C7156 /* FavoriteModels.swift in Sources */ = {isa = PBXBuildFile; fileRef = C5E8F0572DA49646008C7156 /* FavoriteModels.swift */; };
		C5E8F0712DA49646008C7156 /* SyncModels.swift in Sources */ = {isa = PBXBuildFile; fileRef = C5E8F0582DA49646008C7156 /* SyncModels.swift */; };
		C5E8F0722DA49646008C7156 /* CloudKitService.swift in Sources */ = {isa = PBXBuildFile; fileRef = C5E8F05A2DA49646008C7156 /* CloudKitService.swift */; };
		C5E8F0732DA49646008C7156 /* AppleAuthService.swift in Sources */ = {isa = PBXBuildFile; fileRef = C5E8F05B2DA49646008C7156 /* AppleAuthService.swift */; };
		C5E8F0742DA49646008C7156 /* FavoriteModels.swift in Sources */ = {isa = PBXBuildFile; fileRef = C5E8F05E2DA49646008C7156 /* FavoriteModels.swift */; };
		C5E8F0752DA49646008C7156 /* DictionaryModels.swift in Sources */ = {isa = PBXBuildFile; fileRef = C5E8F05F2DA49646008C7156 /* DictionaryModels.swift */; };
		C5E8F0762DA49646008C7156 /* SearchUseCase.swift in Sources */ = {isa = PBXBuildFile; fileRef = C5E8F0612DA49646008C7156 /* SearchUseCase.swift */; };
		C5E8F0772DA49646008C7156 /* FavoriteManagementUseCase.swift in Sources */ = {isa = PBXBuildFile; fileRef = C5E8F0622DA49646008C7156 /* FavoriteManagementUseCase.swift */; };
		C5E8F0782DA49646008C7156 /* WordDetailsUseCase.swift in Sources */ = {isa = PBXBuildFile; fileRef = C5E8F0632DA49646008C7156 /* WordDetailsUseCase.swift */; };
		C5E8F0792DA49646008C7156 /* FolderManagementUseCase.swift in Sources */ = {isa = PBXBuildFile; fileRef = C5E8F0642DA49646008C7156 /* FolderManagementUseCase.swift */; };
		C5E8F07A2DA49646008C7156 /* DictionaryService.swift in Sources */ = {isa = PBXBuildFile; fileRef = C5E8F0662DA49646008C7156 /* DictionaryService.swift */; };
		C5E8F07B2DA49646008C7156 /* FavoriteService.swift in Sources */ = {isa = PBXBuildFile; fileRef = C5E8F0672DA49646008C7156 /* FavoriteService.swift */; };
/* End PBXBuildFile section */

/* Begin PBXFileReference section */
		C5AEDA4A2DA261520031B210 /* JapaneseLearnApp.app */ = {isa = PBXFileReference; explicitFileType = wrapper.application; includeInIndex = 0; path = JapaneseLearnApp.app; sourceTree = BUILT_PRODUCTS_DIR; };
		C5AEDA4D2DA261520031B210 /* JapaneseLearnAppApp.swift */ = {isa = PBXFileReference; lastKnownFileType = sourcecode.swift; path = JapaneseLearnAppApp.swift; sourceTree = "<group>"; };
		C5AEDA4F2DA261520031B210 /* ContentView.swift */ = {isa = PBXFileReference; lastKnownFileType = sourcecode.swift; path = ContentView.swift; sourceTree = "<group>"; };
		C5AEDA512DA261560031B210 /* Assets.xcassets */ = {isa = PBXFileReference; lastKnownFileType = folder.assetcatalog; path = Assets.xcassets; sourceTree = "<group>"; };
		C5AEDA542DA261560031B210 /* Preview Assets.xcassets */ = {isa = PBXFileReference; lastKnownFileType = folder.assetcatalog; path = "Preview Assets.xcassets"; sourceTree = "<group>"; };
		C5E8F04D2DA49646008C7156 /* SyncConflictResolver.swift */ = {isa = PBXFileReference; fileEncoding = 4; lastKnownFileType = sourcecode.swift; path = SyncConflictResolver.swift; sourceTree = "<group>"; };
		C5E8F04F2DA49646008C7156 /* RealmManager.swift */ = {isa = PBXFileReference; fileEncoding = 4; lastKnownFileType = sourcecode.swift; path = RealmManager.swift; sourceTree = "<group>"; };
		C5E8F0502DA49646008C7156 /* FavoriteRepository.swift */ = {isa = PBXFileReference; fileEncoding = 4; lastKnownFileType = sourcecode.swift; path = FavoriteRepository.swift; sourceTree = "<group>"; };
		C5E8F0512DA49646008C7156 /* SyncRepository.swift */ = {isa = PBXFileReference; fileEncoding = 4; lastKnownFileType = sourcecode.swift; path = SyncRepository.swift; sourceTree = "<group>"; };
		C5E8F0522DA49646008C7156 /* UserAuthRepository.swift */ = {isa = PBXFileReference; fileEncoding = 4; lastKnownFileType = sourcecode.swift; path = UserAuthRepository.swift; sourceTree = "<group>"; };
		C5E8F0532DA49646008C7156 /* DictionaryRepository.swift */ = {isa = PBXFileReference; fileEncoding = 4; lastKnownFileType = sourcecode.swift; path = DictionaryRepository.swift; sourceTree = "<group>"; };
		C5E8F0552DA49646008C7156 /* UserModels.swift */ = {isa = PBXFileReference; fileEncoding = 4; lastKnownFileType = sourcecode.swift; path = UserModels.swift; sourceTree = "<group>"; };
		C5E8F0562DA49646008C7156 /* DictModels.swift */ = {isa = PBXFileReference; fileEncoding = 4; lastKnownFileType = sourcecode.swift; path = DictModels.swift; sourceTree = "<group>"; };
		C5E8F0572DA49646008C7156 /* FavoriteModels.swift */ = {isa = PBXFileReference; fileEncoding = 4; lastKnownFileType = sourcecode.swift; path = FavoriteModels.swift; sourceTree = "<group>"; };
		C5E8F0582DA49646008C7156 /* SyncModels.swift */ = {isa = PBXFileReference; fileEncoding = 4; lastKnownFileType = sourcecode.swift; path = SyncModels.swift; sourceTree = "<group>"; };
		C5E8F05A2DA49646008C7156 /* CloudKitService.swift */ = {isa = PBXFileReference; fileEncoding = 4; lastKnownFileType = sourcecode.swift; path = CloudKitService.swift; sourceTree = "<group>"; };
		C5E8F05B2DA49646008C7156 /* AppleAuthService.swift */ = {isa = PBXFileReference; fileEncoding = 4; lastKnownFileType = sourcecode.swift; path = AppleAuthService.swift; sourceTree = "<group>"; };
		C5E8F05E2DA49646008C7156 /* FavoriteModels.swift */ = {isa = PBXFileReference; fileEncoding = 4; lastKnownFileType = sourcecode.swift; path = FavoriteModels.swift; sourceTree = "<group>"; };
		C5E8F05F2DA49646008C7156 /* DictionaryModels.swift */ = {isa = PBXFileReference; fileEncoding = 4; lastKnownFileType = sourcecode.swift; path = DictionaryModels.swift; sourceTree = "<group>"; };
		C5E8F0612DA49646008C7156 /* SearchUseCase.swift */ = {isa = PBXFileReference; fileEncoding = 4; lastKnownFileType = sourcecode.swift; path = SearchUseCase.swift; sourceTree = "<group>"; };
		C5E8F0622DA49646008C7156 /* FavoriteManagementUseCase.swift */ = {isa = PBXFileReference; fileEncoding = 4; lastKnownFileType = sourcecode.swift; path = FavoriteManagementUseCase.swift; sourceTree = "<group>"; };
		C5E8F0632DA49646008C7156 /* WordDetailsUseCase.swift */ = {isa = PBXFileReference; fileEncoding = 4; lastKnownFileType = sourcecode.swift; path = WordDetailsUseCase.swift; sourceTree = "<group>"; };
		C5E8F0642DA49646008C7156 /* FolderManagementUseCase.swift */ = {isa = PBXFileReference; fileEncoding = 4; lastKnownFileType = sourcecode.swift; path = FolderManagementUseCase.swift; sourceTree = "<group>"; };
		C5E8F0662DA49646008C7156 /* DictionaryService.swift */ = {isa = PBXFileReference; fileEncoding = 4; lastKnownFileType = sourcecode.swift; path = DictionaryService.swift; sourceTree = "<group>"; };
		C5E8F0672DA49646008C7156 /* FavoriteService.swift */ = {isa = PBXFileReference; fileEncoding = 4; lastKnownFileType = sourcecode.swift; path = FavoriteService.swift; sourceTree = "<group>"; };
/* End PBXFileReference section */

/* Begin PBXFrameworksBuildPhase section */
		C5AEDA472DA261520031B210 /* Frameworks */ = {
			isa = PBXFrameworksBuildPhase;
			buildActionMask = 2147483647;
			files = (
			);
			runOnlyForDeploymentPostprocessing = 0;
		};
/* End PBXFrameworksBuildPhase section */

/* Begin PBXGroup section */
		C5AEDA412DA261520031B210 = {
			isa = PBXGroup;
			children = (
				C5AEDA4C2DA261520031B210 /* JapaneseLearnApp */,
				C5AEDA4B2DA261520031B210 /* Products */,
			);
			sourceTree = "<group>";
		};
		C5AEDA4B2DA261520031B210 /* Products */ = {
			isa = PBXGroup;
			children = (
				C5AEDA4A2DA261520031B210 /* JapaneseLearnApp.app */,
			);
			name = Products;
			sourceTree = "<group>";
		};
		C5AEDA4C2DA261520031B210 /* JapaneseLearnApp */ = {
			isa = PBXGroup;
			children = (
				C5E8F04A2DA49646008C7156 /* JapaneseApp */,
				C5AEDA4D2DA261520031B210 /* JapaneseLearnAppApp.swift */,
				C5AEDA4F2DA261520031B210 /* ContentView.swift */,
				C5AEDA512DA261560031B210 /* Assets.xcassets */,
				C5AEDA532DA261560031B210 /* Preview Content */,
			);
			path = JapaneseLearnApp;
			sourceTree = "<group>";
		};
		C5AEDA532DA261560031B210 /* Preview Content */ = {
			isa = PBXGroup;
			children = (
				C5AEDA542DA261560031B210 /* Preview Assets.xcassets */,
			);
			path = "Preview Content";
			sourceTree = "<group>";
		};
		C5E8F04A2DA49646008C7156 /* JapaneseApp */ = {
			isa = PBXGroup;
			children = (
				C5E8F04B2DA49646008C7156 /* Data */,
				C5E8F05C2DA49646008C7156 /* Domain */,
			);
			path = JapaneseApp;
			sourceTree = SOURCE_ROOT;
		};
		C5E8F04B2DA49646008C7156 /* Data */ = {
			isa = PBXGroup;
			children = (
				C5E8F04C2DA49646008C7156 /* Utils */,
				C5E8F04E2DA49646008C7156 /* Repositories */,
				C5E8F0542DA49646008C7156 /* Models */,
				C5E8F0592DA49646008C7156 /* Services */,
			);
			path = Data;
			sourceTree = "<group>";
		};
		C5E8F04C2DA49646008C7156 /* Utils */ = {
			isa = PBXGroup;
			children = (
				C5E8F04D2DA49646008C7156 /* SyncConflictResolver.swift */,
			);
			path = Utils;
			sourceTree = "<group>";
		};
		C5E8F04E2DA49646008C7156 /* Repositories */ = {
			isa = PBXGroup;
			children = (
				C5E8F04F2DA49646008C7156 /* RealmManager.swift */,
				C5E8F0502DA49646008C7156 /* FavoriteRepository.swift */,
				C5E8F0512DA49646008C7156 /* SyncRepository.swift */,
				C5E8F0522DA49646008C7156 /* UserAuthRepository.swift */,
				C5E8F0532DA49646008C7156 /* DictionaryRepository.swift */,
			);
			path = Repositories;
			sourceTree = "<group>";
		};
		C5E8F0542DA49646008C7156 /* Models */ = {
			isa = PBXGroup;
			children = (
				C5E8F0552DA49646008C7156 /* UserModels.swift */,
				C5E8F0562DA49646008C7156 /* DictModels.swift */,
				C5E8F0572DA49646008C7156 /* FavoriteModels.swift */,
				C5E8F0582DA49646008C7156 /* SyncModels.swift */,
			);
			path = Models;
			sourceTree = "<group>";
		};
		C5E8F0592DA49646008C7156 /* Services */ = {
			isa = PBXGroup;
			children = (
				C5E8F05A2DA49646008C7156 /* CloudKitService.swift */,
				C5E8F05B2DA49646008C7156 /* AppleAuthService.swift */,
			);
			path = Services;
			sourceTree = "<group>";
		};
		C5E8F05C2DA49646008C7156 /* Domain */ = {
			isa = PBXGroup;
			children = (
				C5E8F05D2DA49646008C7156 /* Models */,
				C5E8F0602DA49646008C7156 /* UseCases */,
				C5E8F0652DA49646008C7156 /* Services */,
			);
			path = Domain;
			sourceTree = "<group>";
		};
		C5E8F05D2DA49646008C7156 /* Models */ = {
			isa = PBXGroup;
			children = (
				C5E8F05E2DA49646008C7156 /* FavoriteModels.swift */,
				C5E8F05F2DA49646008C7156 /* DictionaryModels.swift */,
			);
			path = Models;
			sourceTree = "<group>";
		};
		C5E8F0602DA49646008C7156 /* UseCases */ = {
			isa = PBXGroup;
			children = (
				C5E8F0612DA49646008C7156 /* SearchUseCase.swift */,
				C5E8F0622DA49646008C7156 /* FavoriteManagementUseCase.swift */,
				C5E8F0632DA49646008C7156 /* WordDetailsUseCase.swift */,
				C5E8F0642DA49646008C7156 /* FolderManagementUseCase.swift */,
			);
			path = UseCases;
			sourceTree = "<group>";
		};
		C5E8F0652DA49646008C7156 /* Services */ = {
			isa = PBXGroup;
			children = (
				C5E8F0662DA49646008C7156 /* DictionaryService.swift */,
				C5E8F0672DA49646008C7156 /* FavoriteService.swift */,
			);
			path = Services;
			sourceTree = "<group>";
		};
/* End PBXGroup section */

/* Begin PBXNativeTarget section */
		C5AEDA492DA261520031B210 /* JapaneseLearnApp */ = {
			isa = PBXNativeTarget;
			buildConfigurationList = C5AEDA582DA261560031B210 /* Build configuration list for PBXNativeTarget "JapaneseLearnApp" */;
			buildPhases = (
				C5AEDA462DA261520031B210 /* Sources */,
				C5AEDA472DA261520031B210 /* Frameworks */,
				C5AEDA482DA261520031B210 /* Resources */,
			);
			buildRules = (
			);
			dependencies = (
			);
			name = JapaneseLearnApp;
			productName = JapaneseLearnApp;
			productReference = C5AEDA4A2DA261520031B210 /* JapaneseLearnApp.app */;
			productType = "com.apple.product-type.application";
		};
/* End PBXNativeTarget section */

/* Begin PBXProject section */
		C5AEDA422DA261520031B210 /* Project object */ = {
			isa = PBXProject;
			attributes = {
				BuildIndependentTargetsInParallel = 1;
				LastSwiftUpdateCheck = 1500;
				LastUpgradeCheck = 1500;
				TargetAttributes = {
					C5AEDA492DA261520031B210 = {
						CreatedOnToolsVersion = 15.0;
					};
				};
			};
			buildConfigurationList = C5AEDA452DA261520031B210 /* Build configuration list for PBXProject "JapaneseLearnApp" */;
			compatibilityVersion = "Xcode 14.0";
			developmentRegion = en;
			hasScannedForEncodings = 0;
			knownRegions = (
				en,
				Base,
			);
			mainGroup = C5AEDA412DA261520031B210;
			productRefGroup = C5AEDA4B2DA261520031B210 /* Products */;
			projectDirPath = "";
			projectRoot = "";
			targets = (
				C5AEDA492DA261520031B210 /* JapaneseLearnApp */,
			);
		};
/* End PBXProject section */

/* Begin PBXResourcesBuildPhase section */
		C5AEDA482DA261520031B210 /* Resources */ = {
			isa = PBXResourcesBuildPhase;
			buildActionMask = 2147483647;
			files = (
				C5AEDA552DA261560031B210 /* Preview Assets.xcassets in Resources */,
				C5AEDA522DA261560031B210 /* Assets.xcassets in Resources */,
			);
			runOnlyForDeploymentPostprocessing = 0;
		};
/* End PBXResourcesBuildPhase section */

/* Begin PBXSourcesBuildPhase section */
		C5AEDA462DA261520031B210 /* Sources */ = {
			isa = PBXSourcesBuildPhase;
			buildActionMask = 2147483647;
			files = (
				C5E8F0682DA49646008C7156 /* SyncConflictResolver.swift in Sources */,
				C5E8F0692DA49646008C7156 /* RealmManager.swift in Sources */,
				C5E8F06C2DA49646008C7156 /* UserAuthRepository.swift in Sources */,
				C5E8F07B2DA49646008C7156 /* FavoriteService.swift in Sources */,
				C5E8F0702DA49646008C7156 /* FavoriteModels.swift in Sources */,
				C5E8F0782DA49646008C7156 /* WordDetailsUseCase.swift in Sources */,
				C5E8F06D2DA49646008C7156 /* DictionaryRepository.swift in Sources */,
				C5E8F06B2DA49646008C7156 /* SyncRepository.swift in Sources */,
				C5E8F0722DA49646008C7156 /* CloudKitService.swift in Sources */,
				C5E8F06F2DA49646008C7156 /* DictModels.swift in Sources */,
				C5E8F06A2DA49646008C7156 /* FavoriteRepository.swift in Sources */,
				C5E8F0712DA49646008C7156 /* SyncModels.swift in Sources */,
				C5E8F07A2DA49646008C7156 /* DictionaryService.swift in Sources */,
				C5E8F0732DA49646008C7156 /* AppleAuthService.swift in Sources */,
				C5E8F0752DA49646008C7156 /* DictionaryModels.swift in Sources */,
				C5E8F0762DA49646008C7156 /* SearchUseCase.swift in Sources */,
				C5E8F0792DA49646008C7156 /* FolderManagementUseCase.swift in Sources */,
				C5AEDA502DA261520031B210 /* ContentView.swift in Sources */,
				C5E8F06E2DA49646008C7156 /* UserModels.swift in Sources */,
				C5AEDA4E2DA261520031B210 /* JapaneseLearnAppApp.swift in Sources */,
				C5E8F0772DA49646008C7156 /* FavoriteManagementUseCase.swift in Sources */,
				C5E8F0742DA49646008C7156 /* FavoriteModels.swift in Sources */,
			);
			runOnlyForDeploymentPostprocessing = 0;
		};
/* End PBXSourcesBuildPhase section */

/* Begin XCBuildConfiguration section */
		C5AEDA562DA261560031B210 /* Debug */ = {
			isa = XCBuildConfiguration;
			buildSettings = {
				ALWAYS_SEARCH_USER_PATHS = NO;
				ASSETCATALOG_COMPILER_GENERATE_SWIFT_ASSET_SYMBOL_EXTENSIONS = YES;
				CLANG_ANALYZER_NONNULL = YES;
				CLANG_ANALYZER_NUMBER_OBJECT_CONVERSION = YES_AGGRESSIVE;
				CLANG_CXX_LANGUAGE_STANDARD = "gnu++20";
				CLANG_ENABLE_MODULES = YES;
				CLANG_ENABLE_OBJC_ARC = YES;
				CLANG_ENABLE_OBJC_WEAK = YES;
				CLANG_WARN_BLOCK_CAPTURE_AUTORELEASING = YES;
				CLANG_WARN_BOOL_CONVERSION = YES;
				CLANG_WARN_COMMA = YES;
				CLANG_WARN_CONSTANT_CONVERSION = YES;
				CLANG_WARN_DEPRECATED_OBJC_IMPLEMENTATIONS = YES;
				CLANG_WARN_DIRECT_OBJC_ISA_USAGE = YES_ERROR;
				CLANG_WARN_DOCUMENTATION_COMMENTS = YES;
				CLANG_WARN_EMPTY_BODY = YES;
				CLANG_WARN_ENUM_CONVERSION = YES;
				CLANG_WARN_INFINITE_RECURSION = YES;
				CLANG_WARN_INT_CONVERSION = YES;
				CLANG_WARN_NON_LITERAL_NULL_CONVERSION = YES;
				CLANG_WARN_OBJC_IMPLICIT_RETAIN_SELF = YES;
				CLANG_WARN_OBJC_LITERAL_CONVERSION = YES;
				CLANG_WARN_OBJC_ROOT_CLASS = YES_ERROR;
				CLANG_WARN_QUOTED_INCLUDE_IN_FRAMEWORK_HEADER = YES;
				CLANG_WARN_RANGE_LOOP_ANALYSIS = YES;
				CLANG_WARN_STRICT_PROTOTYPES = YES;
				CLANG_WARN_SUSPICIOUS_MOVE = YES;
				CLANG_WARN_UNGUARDED_AVAILABILITY = YES_AGGRESSIVE;
				CLANG_WARN_UNREACHABLE_CODE = YES;
				CLANG_WARN__DUPLICATE_METHOD_MATCH = YES;
				COPY_PHASE_STRIP = NO;
				DEBUG_INFORMATION_FORMAT = dwarf;
				ENABLE_STRICT_OBJC_MSGSEND = YES;
				ENABLE_TESTABILITY = YES;
				ENABLE_USER_SCRIPT_SANDBOXING = YES;
				GCC_C_LANGUAGE_STANDARD = gnu17;
				GCC_DYNAMIC_NO_PIC = NO;
				GCC_NO_COMMON_BLOCKS = YES;
				GCC_OPTIMIZATION_LEVEL = 0;
				GCC_PREPROCESSOR_DEFINITIONS = (
					"DEBUG=1",
					"$(inherited)",
				);
				GCC_WARN_64_TO_32_BIT_CONVERSION = YES;
				GCC_WARN_ABOUT_RETURN_TYPE = YES_ERROR;
				GCC_WARN_UNDECLARED_SELECTOR = YES;
				GCC_WARN_UNINITIALIZED_AUTOS = YES_AGGRESSIVE;
				GCC_WARN_UNUSED_FUNCTION = YES;
				GCC_WARN_UNUSED_VARIABLE = YES;
				IPHONEOS_DEPLOYMENT_TARGET = 17.0;
				LOCALIZATION_PREFERS_STRING_CATALOGS = YES;
				MTL_ENABLE_DEBUG_INFO = INCLUDE_SOURCE;
				MTL_FAST_MATH = YES;
				ONLY_ACTIVE_ARCH = YES;
				SDKROOT = iphoneos;
				SWIFT_ACTIVE_COMPILATION_CONDITIONS = "DEBUG $(inherited)";
				SWIFT_OPTIMIZATION_LEVEL = "-Onone";
			};
			name = Debug;
		};
		C5AEDA572DA261560031B210 /* Release */ = {
			isa = XCBuildConfiguration;
			buildSettings = {
				ALWAYS_SEARCH_USER_PATHS = NO;
				ASSETCATALOG_COMPILER_GENERATE_SWIFT_ASSET_SYMBOL_EXTENSIONS = YES;
				CLANG_ANALYZER_NONNULL = YES;
				CLANG_ANALYZER_NUMBER_OBJECT_CONVERSION = YES_AGGRESSIVE;
				CLANG_CXX_LANGUAGE_STANDARD = "gnu++20";
				CLANG_ENABLE_MODULES = YES;
				CLANG_ENABLE_OBJC_ARC = YES;
				CLANG_ENABLE_OBJC_WEAK = YES;
				CLANG_WARN_BLOCK_CAPTURE_AUTORELEASING = YES;
				CLANG_WARN_BOOL_CONVERSION = YES;
				CLANG_WARN_COMMA = YES;
				CLANG_WARN_CONSTANT_CONVERSION = YES;
				CLANG_WARN_DEPRECATED_OBJC_IMPLEMENTATIONS = YES;
				CLANG_WARN_DIRECT_OBJC_ISA_USAGE = YES_ERROR;
				CLANG_WARN_DOCUMENTATION_COMMENTS = YES;
				CLANG_WARN_EMPTY_BODY = YES;
				CLANG_WARN_ENUM_CONVERSION = YES;
				CLANG_WARN_INFINITE_RECURSION = YES;
				CLANG_WARN_INT_CONVERSION = YES;
				CLANG_WARN_NON_LITERAL_NULL_CONVERSION = YES;
				CLANG_WARN_OBJC_IMPLICIT_RETAIN_SELF = YES;
				CLANG_WARN_OBJC_LITERAL_CONVERSION = YES;
				CLANG_WARN_OBJC_ROOT_CLASS = YES_ERROR;
				CLANG_WARN_QUOTED_INCLUDE_IN_FRAMEWORK_HEADER = YES;
				CLANG_WARN_RANGE_LOOP_ANALYSIS = YES;
				CLANG_WARN_STRICT_PROTOTYPES = YES;
				CLANG_WARN_SUSPICIOUS_MOVE = YES;
				CLANG_WARN_UNGUARDED_AVAILABILITY = YES_AGGRESSIVE;
				CLANG_WARN_UNREACHABLE_CODE = YES;
				CLANG_WARN__DUPLICATE_METHOD_MATCH = YES;
				COPY_PHASE_STRIP = NO;
				DEBUG_INFORMATION_FORMAT = "dwarf-with-dsym";
				ENABLE_NS_ASSERTIONS = NO;
				ENABLE_STRICT_OBJC_MSGSEND = YES;
				ENABLE_USER_SCRIPT_SANDBOXING = YES;
				GCC_C_LANGUAGE_STANDARD = gnu17;
				GCC_NO_COMMON_BLOCKS = YES;
				GCC_WARN_64_TO_32_BIT_CONVERSION = YES;
				GCC_WARN_ABOUT_RETURN_TYPE = YES_ERROR;
				GCC_WARN_UNDECLARED_SELECTOR = YES;
				GCC_WARN_UNINITIALIZED_AUTOS = YES_AGGRESSIVE;
				GCC_WARN_UNUSED_FUNCTION = YES;
				GCC_WARN_UNUSED_VARIABLE = YES;
				IPHONEOS_DEPLOYMENT_TARGET = 17.0;
				LOCALIZATION_PREFERS_STRING_CATALOGS = YES;
				MTL_ENABLE_DEBUG_INFO = NO;
				MTL_FAST_MATH = YES;
				SDKROOT = iphoneos;
				SWIFT_COMPILATION_MODE = wholemodule;
				VALIDATE_PRODUCT = YES;
			};
			name = Release;
		};
		C5AEDA592DA261560031B210 /* Debug */ = {
			isa = XCBuildConfiguration;
			buildSettings = {
				ASSETCATALOG_COMPILER_APPICON_NAME = AppIcon;
				ASSETCATALOG_COMPILER_GLOBAL_ACCENT_COLOR_NAME = AccentColor;
				CODE_SIGN_STYLE = Automatic;
				CURRENT_PROJECT_VERSION = 1;
				DEVELOPMENT_ASSET_PATHS = "\"JapaneseLearnApp/Preview Content\"";
				DEVELOPMENT_TEAM = KU3Z84AU8W;
				ENABLE_PREVIEWS = YES;
				GENERATE_INFOPLIST_FILE = YES;
				INFOPLIST_KEY_UIApplicationSceneManifest_Generation = YES;
				INFOPLIST_KEY_UIApplicationSupportsIndirectInputEvents = YES;
				INFOPLIST_KEY_UILaunchScreen_Generation = YES;
				INFOPLIST_KEY_UISupportedInterfaceOrientations_iPad = "UIInterfaceOrientationPortrait UIInterfaceOrientationPortraitUpsideDown UIInterfaceOrientationLandscapeLeft UIInterfaceOrientationLandscapeRight";
				INFOPLIST_KEY_UISupportedInterfaceOrientations_iPhone = "UIInterfaceOrientationPortrait UIInterfaceOrientationLandscapeLeft UIInterfaceOrientationLandscapeRight";
				IPHONEOS_DEPLOYMENT_TARGET = 16.0;
				LD_RUNPATH_SEARCH_PATHS = (
					"$(inherited)",
					"@executable_path/Frameworks",
				);
				MARKETING_VERSION = 1.0;
				PRODUCT_BUNDLE_IDENTIFIER = com.modi.JapaneseLearnApp;
				PRODUCT_NAME = "$(TARGET_NAME)";
				SWIFT_EMIT_LOC_STRINGS = YES;
				SWIFT_VERSION = 5.0;
				TARGETED_DEVICE_FAMILY = "1,2";
			};
			name = Debug;
		};
		C5AEDA5A2DA261560031B210 /* Release */ = {
			isa = XCBuildConfiguration;
			buildSettings = {
				ASSETCATALOG_COMPILER_APPICON_NAME = AppIcon;
				ASSETCATALOG_COMPILER_GLOBAL_ACCENT_COLOR_NAME = AccentColor;
				CODE_SIGN_STYLE = Automatic;
				CURRENT_PROJECT_VERSION = 1;
				DEVELOPMENT_ASSET_PATHS = "\"JapaneseLearnApp/Preview Content\"";
				DEVELOPMENT_TEAM = KU3Z84AU8W;
				ENABLE_PREVIEWS = YES;
				GENERATE_INFOPLIST_FILE = YES;
				INFOPLIST_KEY_UIApplicationSceneManifest_Generation = YES;
				INFOPLIST_KEY_UIApplicationSupportsIndirectInputEvents = YES;
				INFOPLIST_KEY_UILaunchScreen_Generation = YES;
				INFOPLIST_KEY_UISupportedInterfaceOrientations_iPad = "UIInterfaceOrientationPortrait UIInterfaceOrientationPortraitUpsideDown UIInterfaceOrientationLandscapeLeft UIInterfaceOrientationLandscapeRight";
				INFOPLIST_KEY_UISupportedInterfaceOrientations_iPhone = "UIInterfaceOrientationPortrait UIInterfaceOrientationLandscapeLeft UIInterfaceOrientationLandscapeRight";
				IPHONEOS_DEPLOYMENT_TARGET = 16.0;
				LD_RUNPATH_SEARCH_PATHS = (
					"$(inherited)",
					"@executable_path/Frameworks",
				);
				MARKETING_VERSION = 1.0;
				PRODUCT_BUNDLE_IDENTIFIER = com.modi.JapaneseLearnApp;
				PRODUCT_NAME = "$(TARGET_NAME)";
				SWIFT_EMIT_LOC_STRINGS = YES;
				SWIFT_VERSION = 5.0;
				TARGETED_DEVICE_FAMILY = "1,2";
			};
			name = Release;
		};
/* End XCBuildConfiguration section */

/* Begin XCConfigurationList section */
		C5AEDA452DA261520031B210 /* Build configuration list for PBXProject "JapaneseLearnApp" */ = {
			isa = XCConfigurationList;
			buildConfigurations = (
				C5AEDA562DA261560031B210 /* Debug */,
				C5AEDA572DA261560031B210 /* Release */,
			);
			defaultConfigurationIsVisible = 0;
			defaultConfigurationName = Release;
		};
		C5AEDA582DA261560031B210 /* Build configuration list for PBXNativeTarget "JapaneseLearnApp" */ = {
			isa = XCConfigurationList;
			buildConfigurations = (
				C5AEDA592DA261560031B210 /* Debug */,
				C5AEDA5A2DA261560031B210 /* Release */,
			);
			defaultConfigurationIsVisible = 0;
			defaultConfigurationName = Release;
		};
/* End XCConfigurationList section */
	};
	rootObject = C5AEDA422DA261520031B210 /* Project object */;
}
