// !$*UTF8*$!
{
	archiveVersion = 1;
	classes = {
	};
	objectVersion = 56;
	objects = {

/* Begin PBXBuildFile section */
		C52001B82DA7C30A007BC24D /* SyncRepository.swift in Sources */ = {isa = PBXBuildFile; fileRef = C520019E2DA7C30A007BC24D /* SyncRepository.swift */; };
		C52001B92DA7C30A007BC24D /* CloudKitService.swift in Sources */ = {isa = PBXBuildFile; fileRef = C52001A22DA7C30A007BC24D /* CloudKitService.swift */; };
		C52001BA2DA7C30A007BC24D /* RealmManager.swift in Sources */ = {isa = PBXBuildFile; fileRef = C520019D2DA7C30A007BC24D /* RealmManager.swift */; };
		C52001BB2DA7C30A007BC24D /* FavoriteService.swift in Sources */ = {isa = PBXBuildFile; fileRef = C52001AB2DA7C30A007BC24D /* FavoriteService.swift */; };
		C52001BC2DA7C30A007BC24D /* FavoriteRepository.swift in Sources */ = {isa = PBXBuildFile; fileRef = C520019C2DA7C30A007BC24D /* FavoriteRepository.swift */; };
		C52001BD2DA7C30A007BC24D /* AppleAuthService.swift in Sources */ = {isa = PBXBuildFile; fileRef = C52001A12DA7C30A007BC24D /* AppleAuthService.swift */; };
		C52001BE2DA7C30A007BC24D /* DataModels.swift in Sources */ = {isa = PBXBuildFile; fileRef = C52001B62DA7C30A007BC24D /* DataModels.swift */; };
		C52001BF2DA7C30A007BC24D /* SyncService.swift in Sources */ = {isa = PBXBuildFile; fileRef = C52001AC2DA7C30A007BC24D /* SyncService.swift */; };
		C52001C02DA7C30A007BC24D /* SearchViewModel.swift in Sources */ = {isa = PBXBuildFile; fileRef = C52001B22DA7C30A007BC24D /* SearchViewModel.swift */; };
		C52001C12DA7C30A007BC24D /* DictionaryServiceFactory.swift in Sources */ = {isa = PBXBuildFile; fileRef = C52001A72DA7C30A007BC24D /* DictionaryServiceFactory.swift */; };
		C52001C22DA7C30A007BC24D /* DetailViewModel.swift in Sources */ = {isa = PBXBuildFile; fileRef = C52001B02DA7C30A007BC24D /* DetailViewModel.swift */; };
		C52001C32DA7C30A007BC24D /* AudioService.swift in Sources */ = {isa = PBXBuildFile; fileRef = C52001A92DA7C30A007BC24D /* AudioService.swift */; };
		C52001C42DA7C30A007BC24D /* DictionaryService.swift in Sources */ = {isa = PBXBuildFile; fileRef = C52001AA2DA7C30A007BC24D /* DictionaryService.swift */; };
		C52001C52DA7C30A007BC24D /* UserService.swift in Sources */ = {isa = PBXBuildFile; fileRef = C52001AD2DA7C30A007BC24D /* UserService.swift */; };
		C52001C62DA7C30A007BC24D /* SyncConflictResolver.swift in Sources */ = {isa = PBXBuildFile; fileRef = C52001A42DA7C30A007BC24D /* SyncConflictResolver.swift */; };
		C52001C72DA7C30A007BC24D /* DictionaryRepository.swift in Sources */ = {isa = PBXBuildFile; fileRef = C520019B2DA7C30A007BC24D /* DictionaryRepository.swift */; };
		C52001C82DA7C30A007BC24D /* FavoriteViewModel.swift in Sources */ = {isa = PBXBuildFile; fileRef = C52001B12DA7C30A007BC24D /* FavoriteViewModel.swift */; };
		C52001C92DA7C30A007BC24D /* UserViewModel.swift in Sources */ = {isa = PBXBuildFile; fileRef = C52001B32DA7C30A007BC24D /* UserViewModel.swift */; };
		C52001CA2DA7C30A007BC24D /* UserAuthRepository.swift in Sources */ = {isa = PBXBuildFile; fileRef = C520019F2DA7C30A007BC24D /* UserAuthRepository.swift */; };
		C592EF652DA5291100784427 /* RealmSwift in Frameworks */ = {isa = PBXBuildFile; productRef = C592EF642DA5291100784427 /* RealmSwift */; };
		C592EF662DA5291100784427 /* RealmSwift in Embed Frameworks */ = {isa = PBXBuildFile; productRef = C592EF642DA5291100784427 /* RealmSwift */; settings = {ATTRIBUTES = (CodeSignOnCopy, ); }; };
		C5AEDA4E2DA261520031B210 /* JapaneseLearnAppApp.swift in Sources */ = {isa = PBXBuildFile; fileRef = C5AEDA4D2DA261520031B210 /* JapaneseLearnAppApp.swift */; };
		C5AEDA502DA261520031B210 /* ContentView.swift in Sources */ = {isa = PBXBuildFile; fileRef = C5AEDA4F2DA261520031B210 /* ContentView.swift */; };
		C5AEDA522DA261560031B210 /* Assets.xcassets in Resources */ = {isa = PBXBuildFile; fileRef = C5AEDA512DA261560031B210 /* Assets.xcassets */; };
		C5AEDA552DA261560031B210 /* Preview Assets.xcassets in Resources */ = {isa = PBXBuildFile; fileRef = C5AEDA542DA261560031B210 /* Preview Assets.xcassets */; };
/* End PBXBuildFile section */

/* Begin PBXCopyFilesBuildPhase section */
		C592EF622DA5290100784427 /* Embed Frameworks */ = {
			isa = PBXCopyFilesBuildPhase;
			buildActionMask = 2147483647;
			dstPath = "";
			dstSubfolderSpec = 10;
			files = (
				C592EF662DA5291100784427 /* RealmSwift in Embed Frameworks */,
			);
			name = "Embed Frameworks";
			runOnlyForDeploymentPostprocessing = 0;
		};
/* End PBXCopyFilesBuildPhase section */

/* Begin PBXFileReference section */
		C520019B2DA7C30A007BC24D /* DictionaryRepository.swift */ = {isa = PBXFileReference; lastKnownFileType = sourcecode.swift; path = DictionaryRepository.swift; sourceTree = "<group>"; };
		C520019C2DA7C30A007BC24D /* FavoriteRepository.swift */ = {isa = PBXFileReference; lastKnownFileType = sourcecode.swift; path = FavoriteRepository.swift; sourceTree = "<group>"; };
		C520019D2DA7C30A007BC24D /* RealmManager.swift */ = {isa = PBXFileReference; lastKnownFileType = sourcecode.swift; path = RealmManager.swift; sourceTree = "<group>"; };
		C520019E2DA7C30A007BC24D /* SyncRepository.swift */ = {isa = PBXFileReference; lastKnownFileType = sourcecode.swift; path = SyncRepository.swift; sourceTree = "<group>"; };
		C520019F2DA7C30A007BC24D /* UserAuthRepository.swift */ = {isa = PBXFileReference; lastKnownFileType = sourcecode.swift; path = UserAuthRepository.swift; sourceTree = "<group>"; };
		C52001A12DA7C30A007BC24D /* AppleAuthService.swift */ = {isa = PBXFileReference; lastKnownFileType = sourcecode.swift; path = AppleAuthService.swift; sourceTree = "<group>"; };
		C52001A22DA7C30A007BC24D /* CloudKitService.swift */ = {isa = PBXFileReference; lastKnownFileType = sourcecode.swift; path = CloudKitService.swift; sourceTree = "<group>"; };
		C52001A42DA7C30A007BC24D /* SyncConflictResolver.swift */ = {isa = PBXFileReference; lastKnownFileType = sourcecode.swift; path = SyncConflictResolver.swift; sourceTree = "<group>"; };
		C52001A72DA7C30A007BC24D /* DictionaryServiceFactory.swift */ = {isa = PBXFileReference; lastKnownFileType = sourcecode.swift; path = DictionaryServiceFactory.swift; sourceTree = "<group>"; };
		C52001A92DA7C30A007BC24D /* AudioService.swift */ = {isa = PBXFileReference; lastKnownFileType = sourcecode.swift; path = AudioService.swift; sourceTree = "<group>"; };
		C52001AA2DA7C30A007BC24D /* DictionaryService.swift */ = {isa = PBXFileReference; lastKnownFileType = sourcecode.swift; path = DictionaryService.swift; sourceTree = "<group>"; };
		C52001AB2DA7C30A007BC24D /* FavoriteService.swift */ = {isa = PBXFileReference; lastKnownFileType = sourcecode.swift; path = FavoriteService.swift; sourceTree = "<group>"; };
		C52001AC2DA7C30A007BC24D /* SyncService.swift */ = {isa = PBXFileReference; lastKnownFileType = sourcecode.swift; path = SyncService.swift; sourceTree = "<group>"; };
		C52001AD2DA7C30A007BC24D /* UserService.swift */ = {isa = PBXFileReference; lastKnownFileType = sourcecode.swift; path = UserService.swift; sourceTree = "<group>"; };
		C52001B02DA7C30A007BC24D /* DetailViewModel.swift */ = {isa = PBXFileReference; lastKnownFileType = sourcecode.swift; path = DetailViewModel.swift; sourceTree = "<group>"; };
		C52001B12DA7C30A007BC24D /* FavoriteViewModel.swift */ = {isa = PBXFileReference; lastKnownFileType = sourcecode.swift; path = FavoriteViewModel.swift; sourceTree = "<group>"; };
		C52001B22DA7C30A007BC24D /* SearchViewModel.swift */ = {isa = PBXFileReference; lastKnownFileType = sourcecode.swift; path = SearchViewModel.swift; sourceTree = "<group>"; };
		C52001B32DA7C30A007BC24D /* UserViewModel.swift */ = {isa = PBXFileReference; lastKnownFileType = sourcecode.swift; path = UserViewModel.swift; sourceTree = "<group>"; };
		C52001B62DA7C30A007BC24D /* DataModels.swift */ = {isa = PBXFileReference; lastKnownFileType = sourcecode.swift; path = DataModels.swift; sourceTree = "<group>"; };
		C5AEDA4A2DA261520031B210 /* JapaneseLearnApp.app */ = {isa = PBXFileReference; explicitFileType = wrapper.application; includeInIndex = 0; path = JapaneseLearnApp.app; sourceTree = BUILT_PRODUCTS_DIR; };
		C5AEDA4D2DA261520031B210 /* JapaneseLearnAppApp.swift */ = {isa = PBXFileReference; lastKnownFileType = sourcecode.swift; path = JapaneseLearnAppApp.swift; sourceTree = "<group>"; };
		C5AEDA4F2DA261520031B210 /* ContentView.swift */ = {isa = PBXFileReference; lastKnownFileType = sourcecode.swift; path = ContentView.swift; sourceTree = "<group>"; };
		C5AEDA512DA261560031B210 /* Assets.xcassets */ = {isa = PBXFileReference; lastKnownFileType = folder.assetcatalog; path = Assets.xcassets; sourceTree = "<group>"; };
		C5AEDA542DA261560031B210 /* Preview Assets.xcassets */ = {isa = PBXFileReference; lastKnownFileType = folder.assetcatalog; path = "Preview Assets.xcassets"; sourceTree = "<group>"; };
/* End PBXFileReference section */

/* Begin PBXFrameworksBuildPhase section */
		C5AEDA472DA261520031B210 /* Frameworks */ = {
			isa = PBXFrameworksBuildPhase;
			buildActionMask = 2147483647;
			files = (
				C592EF652DA5291100784427 /* RealmSwift in Frameworks */,
			);
			runOnlyForDeploymentPostprocessing = 0;
		};
/* End PBXFrameworksBuildPhase section */

/* Begin PBXGroup section */
		C520019A2DA7C30A007BC24D /* Models */ = {
			isa = PBXGroup;
			children = (
			);
			path = Models;
			sourceTree = "<group>";
		};
		C52001A02DA7C30A007BC24D /* Repositories */ = {
			isa = PBXGroup;
			children = (
				C520019B2DA7C30A007BC24D /* DictionaryRepository.swift */,
				C520019C2DA7C30A007BC24D /* FavoriteRepository.swift */,
				C520019D2DA7C30A007BC24D /* RealmManager.swift */,
				C520019E2DA7C30A007BC24D /* SyncRepository.swift */,
				C520019F2DA7C30A007BC24D /* UserAuthRepository.swift */,
			);
			path = Repositories;
			sourceTree = "<group>";
		};
		C52001A32DA7C30A007BC24D /* Services */ = {
			isa = PBXGroup;
			children = (
				C52001A12DA7C30A007BC24D /* AppleAuthService.swift */,
				C52001A22DA7C30A007BC24D /* CloudKitService.swift */,
			);
			path = Services;
			sourceTree = "<group>";
		};
		C52001A52DA7C30A007BC24D /* Utils */ = {
			isa = PBXGroup;
			children = (
				C52001A42DA7C30A007BC24D /* SyncConflictResolver.swift */,
			);
			path = Utils;
			sourceTree = "<group>";
		};
		C52001A62DA7C30A007BC24D /* Data */ = {
			isa = PBXGroup;
			children = (
				C520019A2DA7C30A007BC24D /* Models */,
				C52001A02DA7C30A007BC24D /* Repositories */,
				C52001A32DA7C30A007BC24D /* Services */,
				C52001A52DA7C30A007BC24D /* Utils */,
			);
			path = Data;
			sourceTree = "<group>";
		};
		C52001A82DA7C30A007BC24D /* Factories */ = {
			isa = PBXGroup;
			children = (
				C52001A72DA7C30A007BC24D /* DictionaryServiceFactory.swift */,
			);
			path = Factories;
			sourceTree = "<group>";
		};
		C52001AE2DA7C30A007BC24D /* Services */ = {
			isa = PBXGroup;
			children = (
				C52001A92DA7C30A007BC24D /* AudioService.swift */,
				C52001AA2DA7C30A007BC24D /* DictionaryService.swift */,
				C52001AB2DA7C30A007BC24D /* FavoriteService.swift */,
				C52001AC2DA7C30A007BC24D /* SyncService.swift */,
				C52001AD2DA7C30A007BC24D /* UserService.swift */,
			);
			path = Services;
			sourceTree = "<group>";
		};
		C52001AF2DA7C30A007BC24D /* Domain */ = {
			isa = PBXGroup;
			children = (
				C52001A82DA7C30A007BC24D /* Factories */,
				C52001AE2DA7C30A007BC24D /* Services */,
			);
			path = Domain;
			sourceTree = "<group>";
		};
		C52001B42DA7C30A007BC24D /* ViewModels */ = {
			isa = PBXGroup;
			children = (
				C52001B02DA7C30A007BC24D /* DetailViewModel.swift */,
				C52001B12DA7C30A007BC24D /* FavoriteViewModel.swift */,
				C52001B22DA7C30A007BC24D /* SearchViewModel.swift */,
				C52001B32DA7C30A007BC24D /* UserViewModel.swift */,
			);
			path = ViewModels;
			sourceTree = "<group>";
		};
		C52001B52DA7C30A007BC24D /* Presentation */ = {
			isa = PBXGroup;
			children = (
				C52001B42DA7C30A007BC24D /* ViewModels */,
			);
			path = Presentation;
			sourceTree = "<group>";
		};
		C52001B72DA7C30A007BC24D /* Classes */ = {
			isa = PBXGroup;
			children = (
				C52001A62DA7C30A007BC24D /* Data */,
				C52001AF2DA7C30A007BC24D /* Domain */,
				C52001B52DA7C30A007BC24D /* Presentation */,
				C52001B62DA7C30A007BC24D /* DataModels.swift */,
			);
			path = Classes;
			sourceTree = "<group>";
		};
		C592EF5F2DA5290100784427 /* Frameworks */ = {
			isa = PBXGroup;
			children = (
			);
			name = Frameworks;
			sourceTree = "<group>";
		};
		C5AEDA412DA261520031B210 = {
			isa = PBXGroup;
			children = (
				C5AEDA4C2DA261520031B210 /* JapaneseLearnApp */,
				C592EF5F2DA5290100784427 /* Frameworks */,
				C5AEDA4B2DA261520031B210 /* Products */,
			);
			sourceTree = "<group>";
		};
		C5AEDA4B2DA261520031B210 /* Products */ = {
			isa = PBXGroup;
			children = (
				C5AEDA4A2DA261520031B210 /* JapaneseLearnApp.app */,
			);
			name = Products;
			sourceTree = "<group>";
		};
		C5AEDA4C2DA261520031B210 /* JapaneseLearnApp */ = {
			isa = PBXGroup;
			children = (
				C52001B72DA7C30A007BC24D /* Classes */,
				C5AEDA4D2DA261520031B210 /* JapaneseLearnAppApp.swift */,
				C5AEDA4F2DA261520031B210 /* ContentView.swift */,
				C5AEDA512DA261560031B210 /* Assets.xcassets */,
				C5AEDA532DA261560031B210 /* Preview Content */,
			);
			path = JapaneseLearnApp;
			sourceTree = "<group>";
		};
		C5AEDA532DA261560031B210 /* Preview Content */ = {
			isa = PBXGroup;
			children = (
				C5AEDA542DA261560031B210 /* Preview Assets.xcassets */,
			);
			path = "Preview Content";
			sourceTree = "<group>";
		};
/* End PBXGroup section */

/* Begin PBXNativeTarget section */
		C5AEDA492DA261520031B210 /* JapaneseLearnApp */ = {
			isa = PBXNativeTarget;
			buildConfigurationList = C5AEDA582DA261560031B210 /* Build configuration list for PBXNativeTarget "JapaneseLearnApp" */;
			buildPhases = (
				C5AEDA462DA261520031B210 /* Sources */,
				C5AEDA472DA261520031B210 /* Frameworks */,
				C5AEDA482DA261520031B210 /* Resources */,
				C592EF622DA5290100784427 /* Embed Frameworks */,
			);
			buildRules = (
			);
			dependencies = (
			);
			name = JapaneseLearnApp;
			productName = JapaneseLearnApp;
			productReference = C5AEDA4A2DA261520031B210 /* JapaneseLearnApp.app */;
			productType = "com.apple.product-type.application";
		};
/* End PBXNativeTarget section */

/* Begin PBXProject section */
		C5AEDA422DA261520031B210 /* Project object */ = {
			isa = PBXProject;
			attributes = {
				BuildIndependentTargetsInParallel = 1;
				LastSwiftUpdateCheck = 1500;
				LastUpgradeCheck = 1500;
				TargetAttributes = {
					C5AEDA492DA261520031B210 = {
						CreatedOnToolsVersion = 15.0;
					};
				};
			};
			buildConfigurationList = C5AEDA452DA261520031B210 /* Build configuration list for PBXProject "JapaneseLearnApp" */;
			compatibilityVersion = "Xcode 14.0";
			developmentRegion = en;
			hasScannedForEncodings = 0;
			knownRegions = (
				en,
				Base,
			);
			mainGroup = C5AEDA412DA261520031B210;
			packageReferences = (
				C592EF5A2DA525C200784427 /* XCRemoteSwiftPackageReference "realm-swift" */,
			);
			productRefGroup = C5AEDA4B2DA261520031B210 /* Products */;
			projectDirPath = "";
			projectRoot = "";
			targets = (
				C5AEDA492DA261520031B210 /* JapaneseLearnApp */,
			);
		};
/* End PBXProject section */

/* Begin PBXResourcesBuildPhase section */
		C5AEDA482DA261520031B210 /* Resources */ = {
			isa = PBXResourcesBuildPhase;
			buildActionMask = 2147483647;
			files = (
				C5AEDA552DA261560031B210 /* Preview Assets.xcassets in Resources */,
				C5AEDA522DA261560031B210 /* Assets.xcassets in Resources */,
			);
			runOnlyForDeploymentPostprocessing = 0;
		};
/* End PBXResourcesBuildPhase section */

/* Begin PBXSourcesBuildPhase section */
		C5AEDA462DA261520031B210 /* Sources */ = {
			isa = PBXSourcesBuildPhase;
			buildActionMask = 2147483647;
			files = (
				C5AEDA502DA261520031B210 /* ContentView.swift in Sources */,
				C5AEDA4E2DA261520031B210 /* JapaneseLearnAppApp.swift in Sources */,
				C52001B82DA7C30A007BC24D /* SyncRepository.swift in Sources */,
				C52001B92DA7C30A007BC24D /* CloudKitService.swift in Sources */,
				C52001BA2DA7C30A007BC24D /* RealmManager.swift in Sources */,
				C52001BB2DA7C30A007BC24D /* FavoriteService.swift in Sources */,
				C52001BC2DA7C30A007BC24D /* FavoriteRepository.swift in Sources */,
				C52001BD2DA7C30A007BC24D /* AppleAuthService.swift in Sources */,
				C52001BE2DA7C30A007BC24D /* DataModels.swift in Sources */,
				C52001BF2DA7C30A007BC24D /* SyncService.swift in Sources */,
				C52001C02DA7C30A007BC24D /* SearchViewModel.swift in Sources */,
				C52001C12DA7C30A007BC24D /* DictionaryServiceFactory.swift in Sources */,
				C52001C22DA7C30A007BC24D /* DetailViewModel.swift in Sources */,
				C52001C32DA7C30A007BC24D /* AudioService.swift in Sources */,
				C52001C42DA7C30A007BC24D /* DictionaryService.swift in Sources */,
				C52001C52DA7C30A007BC24D /* UserService.swift in Sources */,
				C52001C62DA7C30A007BC24D /* SyncConflictResolver.swift in Sources */,
				C52001C72DA7C30A007BC24D /* DictionaryRepository.swift in Sources */,
				C52001C82DA7C30A007BC24D /* FavoriteViewModel.swift in Sources */,
				C52001C92DA7C30A007BC24D /* UserViewModel.swift in Sources */,
				C52001CA2DA7C30A007BC24D /* UserAuthRepository.swift in Sources */,
			);
			runOnlyForDeploymentPostprocessing = 0;
		};
/* End PBXSourcesBuildPhase section */

/* Begin XCBuildConfiguration section */
		C5AEDA562DA261560031B210 /* Debug */ = {
			isa = XCBuildConfiguration;
			buildSettings = {
				ALWAYS_SEARCH_USER_PATHS = NO;
				ASSETCATALOG_COMPILER_GENERATE_SWIFT_ASSET_SYMBOL_EXTENSIONS = YES;
				CLANG_ANALYZER_NONNULL = YES;
				CLANG_ANALYZER_NUMBER_OBJECT_CONVERSION = YES_AGGRESSIVE;
				CLANG_CXX_LANGUAGE_STANDARD = "gnu++20";
				CLANG_ENABLE_MODULES = YES;
				CLANG_ENABLE_OBJC_ARC = YES;
				CLANG_ENABLE_OBJC_WEAK = YES;
				CLANG_WARN_BLOCK_CAPTURE_AUTORELEASING = YES;
				CLANG_WARN_BOOL_CONVERSION = YES;
				CLANG_WARN_COMMA = YES;
				CLANG_WARN_CONSTANT_CONVERSION = YES;
				CLANG_WARN_DEPRECATED_OBJC_IMPLEMENTATIONS = YES;
				CLANG_WARN_DIRECT_OBJC_ISA_USAGE = YES_ERROR;
				CLANG_WARN_DOCUMENTATION_COMMENTS = YES;
				CLANG_WARN_EMPTY_BODY = YES;
				CLANG_WARN_ENUM_CONVERSION = YES;
				CLANG_WARN_INFINITE_RECURSION = YES;
				CLANG_WARN_INT_CONVERSION = YES;
				CLANG_WARN_NON_LITERAL_NULL_CONVERSION = YES;
				CLANG_WARN_OBJC_IMPLICIT_RETAIN_SELF = YES;
				CLANG_WARN_OBJC_LITERAL_CONVERSION = YES;
				CLANG_WARN_OBJC_ROOT_CLASS = YES_ERROR;
				CLANG_WARN_QUOTED_INCLUDE_IN_FRAMEWORK_HEADER = YES;
				CLANG_WARN_RANGE_LOOP_ANALYSIS = YES;
				CLANG_WARN_STRICT_PROTOTYPES = YES;
				CLANG_WARN_SUSPICIOUS_MOVE = YES;
				CLANG_WARN_UNGUARDED_AVAILABILITY = YES_AGGRESSIVE;
				CLANG_WARN_UNREACHABLE_CODE = YES;
				CLANG_WARN__DUPLICATE_METHOD_MATCH = YES;
				COPY_PHASE_STRIP = NO;
				DEBUG_INFORMATION_FORMAT = dwarf;
				ENABLE_STRICT_OBJC_MSGSEND = YES;
				ENABLE_TESTABILITY = YES;
				ENABLE_USER_SCRIPT_SANDBOXING = YES;
				GCC_C_LANGUAGE_STANDARD = gnu17;
				GCC_DYNAMIC_NO_PIC = NO;
				GCC_NO_COMMON_BLOCKS = YES;
				GCC_OPTIMIZATION_LEVEL = 0;
				GCC_PREPROCESSOR_DEFINITIONS = (
					"DEBUG=1",
					"$(inherited)",
				);
				GCC_WARN_64_TO_32_BIT_CONVERSION = YES;
				GCC_WARN_ABOUT_RETURN_TYPE = YES_ERROR;
				GCC_WARN_UNDECLARED_SELECTOR = YES;
				GCC_WARN_UNINITIALIZED_AUTOS = YES_AGGRESSIVE;
				GCC_WARN_UNUSED_FUNCTION = YES;
				GCC_WARN_UNUSED_VARIABLE = YES;
				IPHONEOS_DEPLOYMENT_TARGET = 17.0;
				LOCALIZATION_PREFERS_STRING_CATALOGS = YES;
				MTL_ENABLE_DEBUG_INFO = INCLUDE_SOURCE;
				MTL_FAST_MATH = YES;
				ONLY_ACTIVE_ARCH = YES;
				SDKROOT = iphoneos;
				SWIFT_ACTIVE_COMPILATION_CONDITIONS = "DEBUG $(inherited)";
				SWIFT_OPTIMIZATION_LEVEL = "-Onone";
			};
			name = Debug;
		};
		C5AEDA572DA261560031B210 /* Release */ = {
			isa = XCBuildConfiguration;
			buildSettings = {
				ALWAYS_SEARCH_USER_PATHS = NO;
				ASSETCATALOG_COMPILER_GENERATE_SWIFT_ASSET_SYMBOL_EXTENSIONS = YES;
				CLANG_ANALYZER_NONNULL = YES;
				CLANG_ANALYZER_NUMBER_OBJECT_CONVERSION = YES_AGGRESSIVE;
				CLANG_CXX_LANGUAGE_STANDARD = "gnu++20";
				CLANG_ENABLE_MODULES = YES;
				CLANG_ENABLE_OBJC_ARC = YES;
				CLANG_ENABLE_OBJC_WEAK = YES;
				CLANG_WARN_BLOCK_CAPTURE_AUTORELEASING = YES;
				CLANG_WARN_BOOL_CONVERSION = YES;
				CLANG_WARN_COMMA = YES;
				CLANG_WARN_CONSTANT_CONVERSION = YES;
				CLANG_WARN_DEPRECATED_OBJC_IMPLEMENTATIONS = YES;
				CLANG_WARN_DIRECT_OBJC_ISA_USAGE = YES_ERROR;
				CLANG_WARN_DOCUMENTATION_COMMENTS = YES;
				CLANG_WARN_EMPTY_BODY = YES;
				CLANG_WARN_ENUM_CONVERSION = YES;
				CLANG_WARN_INFINITE_RECURSION = YES;
				CLANG_WARN_INT_CONVERSION = YES;
				CLANG_WARN_NON_LITERAL_NULL_CONVERSION = YES;
				CLANG_WARN_OBJC_IMPLICIT_RETAIN_SELF = YES;
				CLANG_WARN_OBJC_LITERAL_CONVERSION = YES;
				CLANG_WARN_OBJC_ROOT_CLASS = YES_ERROR;
				CLANG_WARN_QUOTED_INCLUDE_IN_FRAMEWORK_HEADER = YES;
				CLANG_WARN_RANGE_LOOP_ANALYSIS = YES;
				CLANG_WARN_STRICT_PROTOTYPES = YES;
				CLANG_WARN_SUSPICIOUS_MOVE = YES;
				CLANG_WARN_UNGUARDED_AVAILABILITY = YES_AGGRESSIVE;
				CLANG_WARN_UNREACHABLE_CODE = YES;
				CLANG_WARN__DUPLICATE_METHOD_MATCH = YES;
				COPY_PHASE_STRIP = NO;
				DEBUG_INFORMATION_FORMAT = "dwarf-with-dsym";
				ENABLE_NS_ASSERTIONS = NO;
				ENABLE_STRICT_OBJC_MSGSEND = YES;
				ENABLE_USER_SCRIPT_SANDBOXING = YES;
				GCC_C_LANGUAGE_STANDARD = gnu17;
				GCC_NO_COMMON_BLOCKS = YES;
				GCC_WARN_64_TO_32_BIT_CONVERSION = YES;
				GCC_WARN_ABOUT_RETURN_TYPE = YES_ERROR;
				GCC_WARN_UNDECLARED_SELECTOR = YES;
				GCC_WARN_UNINITIALIZED_AUTOS = YES_AGGRESSIVE;
				GCC_WARN_UNUSED_FUNCTION = YES;
				GCC_WARN_UNUSED_VARIABLE = YES;
				IPHONEOS_DEPLOYMENT_TARGET = 17.0;
				LOCALIZATION_PREFERS_STRING_CATALOGS = YES;
				MTL_ENABLE_DEBUG_INFO = NO;
				MTL_FAST_MATH = YES;
				SDKROOT = iphoneos;
				SWIFT_COMPILATION_MODE = wholemodule;
				VALIDATE_PRODUCT = YES;
			};
			name = Release;
		};
		C5AEDA592DA261560031B210 /* Debug */ = {
			isa = XCBuildConfiguration;
			buildSettings = {
				ASSETCATALOG_COMPILER_APPICON_NAME = AppIcon;
				ASSETCATALOG_COMPILER_GLOBAL_ACCENT_COLOR_NAME = AccentColor;
				CODE_SIGN_STYLE = Automatic;
				CURRENT_PROJECT_VERSION = 1;
				DEVELOPMENT_ASSET_PATHS = "\"JapaneseLearnApp/Preview Content\"";
				DEVELOPMENT_TEAM = KU3Z84AU8W;
				ENABLE_PREVIEWS = YES;
				GENERATE_INFOPLIST_FILE = YES;
				INFOPLIST_KEY_UIApplicationSceneManifest_Generation = YES;
				INFOPLIST_KEY_UIApplicationSupportsIndirectInputEvents = YES;
				INFOPLIST_KEY_UILaunchScreen_Generation = YES;
				INFOPLIST_KEY_UISupportedInterfaceOrientations_iPad = "UIInterfaceOrientationPortrait UIInterfaceOrientationPortraitUpsideDown UIInterfaceOrientationLandscapeLeft UIInterfaceOrientationLandscapeRight";
				INFOPLIST_KEY_UISupportedInterfaceOrientations_iPhone = "UIInterfaceOrientationPortrait UIInterfaceOrientationLandscapeLeft UIInterfaceOrientationLandscapeRight";
				IPHONEOS_DEPLOYMENT_TARGET = 16.0;
				LD_RUNPATH_SEARCH_PATHS = (
					"$(inherited)",
					"@executable_path/Frameworks",
				);
				MARKETING_VERSION = 1.0;
				PRODUCT_BUNDLE_IDENTIFIER = com.modi.JapaneseLearnApp;
				PRODUCT_NAME = "$(TARGET_NAME)";
				SWIFT_EMIT_LOC_STRINGS = YES;
				SWIFT_VERSION = 5.0;
				TARGETED_DEVICE_FAMILY = "1,2";
			};
			name = Debug;
		};
		C5AEDA5A2DA261560031B210 /* Release */ = {
			isa = XCBuildConfiguration;
			buildSettings = {
				ASSETCATALOG_COMPILER_APPICON_NAME = AppIcon;
				ASSETCATALOG_COMPILER_GLOBAL_ACCENT_COLOR_NAME = AccentColor;
				CODE_SIGN_STYLE = Automatic;
				CURRENT_PROJECT_VERSION = 1;
				DEVELOPMENT_ASSET_PATHS = "\"JapaneseLearnApp/Preview Content\"";
				DEVELOPMENT_TEAM = KU3Z84AU8W;
				ENABLE_PREVIEWS = YES;
				GENERATE_INFOPLIST_FILE = YES;
				INFOPLIST_KEY_UIApplicationSceneManifest_Generation = YES;
				INFOPLIST_KEY_UIApplicationSupportsIndirectInputEvents = YES;
				INFOPLIST_KEY_UILaunchScreen_Generation = YES;
				INFOPLIST_KEY_UISupportedInterfaceOrientations_iPad = "UIInterfaceOrientationPortrait UIInterfaceOrientationPortraitUpsideDown UIInterfaceOrientationLandscapeLeft UIInterfaceOrientationLandscapeRight";
				INFOPLIST_KEY_UISupportedInterfaceOrientations_iPhone = "UIInterfaceOrientationPortrait UIInterfaceOrientationLandscapeLeft UIInterfaceOrientationLandscapeRight";
				IPHONEOS_DEPLOYMENT_TARGET = 16.0;
				LD_RUNPATH_SEARCH_PATHS = (
					"$(inherited)",
					"@executable_path/Frameworks",
				);
				MARKETING_VERSION = 1.0;
				PRODUCT_BUNDLE_IDENTIFIER = com.modi.JapaneseLearnApp;
				PRODUCT_NAME = "$(TARGET_NAME)";
				SWIFT_EMIT_LOC_STRINGS = YES;
				SWIFT_VERSION = 5.0;
				TARGETED_DEVICE_FAMILY = "1,2";
			};
			name = Release;
		};
/* End XCBuildConfiguration section */

/* Begin XCConfigurationList section */
		C5AEDA452DA261520031B210 /* Build configuration list for PBXProject "JapaneseLearnApp" */ = {
			isa = XCConfigurationList;
			buildConfigurations = (
				C5AEDA562DA261560031B210 /* Debug */,
				C5AEDA572DA261560031B210 /* Release */,
			);
			defaultConfigurationIsVisible = 0;
			defaultConfigurationName = Release;
		};
		C5AEDA582DA261560031B210 /* Build configuration list for PBXNativeTarget "JapaneseLearnApp" */ = {
			isa = XCConfigurationList;
			buildConfigurations = (
				C5AEDA592DA261560031B210 /* Debug */,
				C5AEDA5A2DA261560031B210 /* Release */,
			);
			defaultConfigurationIsVisible = 0;
			defaultConfigurationName = Release;
		};
/* End XCConfigurationList section */

/* Begin XCRemoteSwiftPackageReference section */
		C592EF5A2DA525C200784427 /* XCRemoteSwiftPackageReference "realm-swift" */ = {
			isa = XCRemoteSwiftPackageReference;
			repositoryURL = "https://github.com/realm/realm-swift.git";
			requirement = {
				kind = upToNextMajorVersion;
				minimumVersion = 20.0.1;
			};
		};
/* End XCRemoteSwiftPackageReference section */

/* Begin XCSwiftPackageProductDependency section */
		C592EF642DA5291100784427 /* RealmSwift */ = {
			isa = XCSwiftPackageProductDependency;
			package = C592EF5A2DA525C200784427 /* XCRemoteSwiftPackageReference "realm-swift" */;
			productName = RealmSwift;
		};
/* End XCSwiftPackageProductDependency section */
	};
	rootObject = C5AEDA422DA261520031B210 /* Project object */;
}
